// !$*UTF8*$!
{
	archiveVersion = 1;
	classes = {
	};
	objectVersion = 46;
	objects = {

/* Begin PBXBuildFile section */
		19F4D465A4703DA5506B2A89 /* main.m in Sources */ = {isa = PBXBuildFile; fileRef = 19F4DA7A27EE3F58A802527E /* main.m */; };
		19F4D49CB7BCB99182E76846 /* neuron.m in Sources */ = {isa = PBXBuildFile; fileRef = 19F4DE8C8C21F55514AA61E5 /* neuron.m */; };
/* End PBXBuildFile section */

/* Begin PBXCopyFilesBuildPhase section */
		19F4DCD38A91865C60DB5394 /* CopyFiles */ = {
			isa = PBXCopyFilesBuildPhase;
			buildActionMask = 2147483647;
			dstPath = /usr/share/man/man1/;
			dstSubfolderSpec = 0;
			files = (
			);
			runOnlyForDeploymentPostprocessing = 1;
		};
/* End PBXCopyFilesBuildPhase section */

/* Begin PBXFileReference section */
		19F4DA7A27EE3F58A802527E /* main.m */ = {isa = PBXFileReference; lastKnownFileType = sourcecode.c.objc; path = main.m; sourceTree = "<group>"; };
		19F4DAA8C3949788520D2769 /* MSc_Objective-C */ = {isa = PBXFileReference; explicitFileType = "compiled.mach-o.executable"; includeInIndex = 0; path = "MSc_Objective-C"; sourceTree = BUILT_PRODUCTS_DIR; };
		19F4DCE00E0B36169A5688B1 /* neuron.h */ = {isa = PBXFileReference; fileEncoding = 4; lastKnownFileType = sourcecode.c.h; path = neuron.h; sourceTree = "<group>"; };
		19F4DE8C8C21F55514AA61E5 /* neuron.m */ = {isa = PBXFileReference; fileEncoding = 4; lastKnownFileType = sourcecode.c.objc; path = neuron.m; sourceTree = "<group>"; };
/* End PBXFileReference section */

/* Begin PBXFrameworksBuildPhase section */
		19F4D4C306016BF4FC38DE82 /* Frameworks */ = {
			isa = PBXFrameworksBuildPhase;
			buildActionMask = 2147483647;
			files = (
			);
			runOnlyForDeploymentPostprocessing = 0;
		};
/* End PBXFrameworksBuildPhase section */

/* Begin PBXGroup section */
		19F4D1B68A796EC3C67F9D99 /* Products */ = {
			isa = PBXGroup;
			children = (
				19F4DAA8C3949788520D2769 /* MSc_Objective-C */,
			);
			name = Products;
			sourceTree = "<group>";
		};
		19F4D33424A624596C3A2F16 = {
			isa = PBXGroup;
			children = (
				19F4D1B68A796EC3C67F9D99 /* Products */,
				19F4D5ED430C2B5E035C51F7 /* MSc_Objective-C */,
			);
			sourceTree = "<group>";
		};
		19F4D5ED430C2B5E035C51F7 /* MSc_Objective-C */ = {
			isa = PBXGroup;
			children = (
				19F4DA7A27EE3F58A802527E /* main.m */,
				19F4DE8C8C21F55514AA61E5 /* neuron.m */,
				19F4DCE00E0B36169A5688B1 /* neuron.h */,
			);
			path = "MSc_Objective-C";
			sourceTree = "<group>";
		};
/* End PBXGroup section */

/* Begin PBXNativeTarget section */
		19F4DB8D62A0AC5CDC796BB4 /* MSc_Objective-C */ = {
			isa = PBXNativeTarget;
			buildConfigurationList = 19F4DFC69E5D9584491E437A /* Build configuration list for PBXNativeTarget "MSc_Objective-C" */;
			buildPhases = (
				19F4D56B4073249E0E9B84FB /* Sources */,
				19F4D4C306016BF4FC38DE82 /* Frameworks */,
				19F4DCD38A91865C60DB5394 /* CopyFiles */,
			);
			buildRules = (
			);
			dependencies = (
			);
			name = "MSc_Objective-C";
			productName = "MSc_Objective-C";
			productReference = 19F4DAA8C3949788520D2769 /* MSc_Objective-C */;
			productType = "com.apple.product-type.tool";
		};
/* End PBXNativeTarget section */

/* Begin PBXProject section */
		19F4D424F856E21B78A4CFBF /* Project object */ = {
			isa = PBXProject;
			attributes = {
				ORGANIZATIONNAME = "___FULLUSERNAME___";
			};
			buildConfigurationList = 19F4D3271EB59C9135ED9B8E /* Build configuration list for PBXProject "MSc_Objective-C" */;
			compatibilityVersion = "Xcode 3.2";
			developmentRegion = English;
			hasScannedForEncodings = 0;
			knownRegions = (
				en,
			);
			mainGroup = 19F4D33424A624596C3A2F16;
			productRefGroup = 19F4D1B68A796EC3C67F9D99 /* Products */;
			projectDirPath = "";
			projectRoot = "";
			targets = (
				19F4DB8D62A0AC5CDC796BB4 /* MSc_Objective-C */,
			);
		};
/* End PBXProject section */

/* Begin PBXSourcesBuildPhase section */
		19F4D56B4073249E0E9B84FB /* Sources */ = {
			isa = PBXSourcesBuildPhase;
			buildActionMask = 2147483647;
			files = (
				19F4D465A4703DA5506B2A89 /* main.m in Sources */,
				19F4D49CB7BCB99182E76846 /* neuron.m in Sources */,
			);
			runOnlyForDeploymentPostprocessing = 0;
		};
/* End PBXSourcesBuildPhase section */

/* Begin XCBuildConfiguration section */
		19F4D126BE63EDC41988C841 /* Debug */ = {
			isa = XCBuildConfiguration;
			buildSettings = {
				ALWAYS_SEARCH_USER_PATHS = NO;
				CLANG_ANALYZER_NONNULL = YES;
				CLANG_CXX_LANGUAGE_STANDARD = "gnu++0x";
				CLANG_CXX_LIBRARY = "libc++";
				CLANG_ENABLE_MODULES = YES;
				CLANG_ENABLE_OBJC_ARC = YES;
				CLANG_WARN_BOOL_CONVERSION = YES;
				CLANG_WARN_CONSTANT_CONVERSION = YES;
				CLANG_WARN_DIRECT_OBJC_ISA_USAGE = YES_ERROR;
				CLANG_WARN_EMPTY_BODY = YES;
				CLANG_WARN_ENUM_CONVERSION = YES;
				CLANG_WARN_INT_CONVERSION = YES;
				CLANG_WARN_OBJC_ROOT_CLASS = YES_ERROR;
				CLANG_WARN_UNREACHABLE_CODE = YES;
				CLANG_WARN__DUPLICATE_METHOD_MATCH = YES;
				CODE_SIGN_IDENTITY = "-";
				COPY_PHASE_STRIP = NO;
				DEBUG_INFORMATION_FORMAT = dwarf;
				ENABLE_STRICT_OBJC_MSGSEND = YES;
				ENABLE_TESTABILITY = YES;
				GCC_C_LANGUAGE_STANDARD = gnu99;
				GCC_DYNAMIC_NO_PIC = NO;
				GCC_NO_COMMON_BLOCKS = YES;
				GCC_OPTIMIZATION_LEVEL = 0;
				GCC_PREPROCESSOR_DEFINITIONS = (
					"DEBUG=1",
					"$(inherited)",
				);
				GCC_WARN_64_TO_32_BIT_CONVERSION = YES;
				GCC_WARN_ABOUT_RETURN_TYPE = YES_ERROR;
				GCC_WARN_UNDECLARED_SELECTOR = YES;
				GCC_WARN_UNINITIALIZED_AUTOS = YES_AGGRESSIVE;
				GCC_WARN_UNUSED_FUNCTION = YES;
				GCC_WARN_UNUSED_VARIABLE = YES;
				MACOSX_DEPLOYMENT_TARGET = 10.11;
				MTL_ENABLE_DEBUG_INFO = YES;
				ONLY_ACTIVE_ARCH = YES;
				SDKROOT = macosx;
			};
			name = Debug;
		};
		19F4D4E9EEF724853E88EA8E /* Debug */ = {
			isa = XCBuildConfiguration;
			buildSettings = {
				PRODUCT_NAME = "$(TARGET_NAME)";
			};
			name = Debug;
		};
		19F4DE4E1055F6A8373D2041 /* Release */ = {
			isa = XCBuildConfiguration;
			buildSettings = {
				ALWAYS_SEARCH_USER_PATHS = NO;
				CLANG_ANALYZER_NONNULL = YES;
				CLANG_CXX_LANGUAGE_STANDARD = "gnu++0x";
				CLANG_CXX_LIBRARY = "libc++";
				CLANG_ENABLE_MODULES = YES;
				CLANG_ENABLE_OBJC_ARC = YES;
				CLANG_WARN_BOOL_CONVERSION = YES;
				CLANG_WARN_CONSTANT_CONVERSION = YES;
				CLANG_WARN_DIRECT_OBJC_ISA_USAGE = YES_ERROR;
				CLANG_WARN_EMPTY_BODY = YES;
				CLANG_WARN_ENUM_CONVERSION = YES;
				CLANG_WARN_INT_CONVERSION = YES;
				CLANG_WARN_OBJC_ROOT_CLASS = YES_ERROR;
				CLANG_WARN_UNREACHABLE_CODE = YES;
				CLANG_WARN__DUPLICATE_METHOD_MATCH = YES;
				CODE_SIGN_IDENTITY = "-";
				COPY_PHASE_STRIP = NO;
				DEBUG_INFORMATION_FORMAT = "dwarf-with-dsym";
				ENABLE_NS_ASSERTIONS = NO;
				ENABLE_STRICT_OBJC_MSGSEND = YES;
				GCC_C_LANGUAGE_STANDARD = gnu99;
				GCC_NO_COMMON_BLOCKS = YES;
				GCC_WARN_64_TO_32_BIT_CONVERSION = YES;
				GCC_WARN_ABOUT_RETURN_TYPE = YES_ERROR;
				GCC_WARN_UNDECLARED_SELECTOR = YES;
				GCC_WARN_UNINITIALIZED_AUTOS = YES_AGGRESSIVE;
				GCC_WARN_UNUSED_FUNCTION = YES;
				GCC_WARN_UNUSED_VARIABLE = YES;
				MACOSX_DEPLOYMENT_TARGET = 10.11;
				MTL_ENABLE_DEBUG_INFO = NO;
				SDKROOT = macosx;
			};
			name = Release;
		};
		19F4DF7089212F737F9C5970 /* Release */ = {
			isa = XCBuildConfiguration;
			buildSettings = {
				PRODUCT_NAME = "$(TARGET_NAME)";
			};
			name = Release;
		};
/* End XCBuildConfiguration section */

/* Begin XCConfigurationList section */
		19F4D3271EB59C9135ED9B8E /* Build configuration list for PBXProject "MSc_Objective-C" */ = {
			isa = XCConfigurationList;
			buildConfigurations = (
				19F4D126BE63EDC41988C841 /* Debug */,
				19F4DE4E1055F6A8373D2041 /* Release */,
			);
			defaultConfigurationIsVisible = 0;
			defaultConfigurationName = Release;
		};
		19F4DFC69E5D9584491E437A /* Build configuration list for PBXNativeTarget "MSc_Objective-C" */ = {
			isa = XCConfigurationList;
			buildConfigurations = (
				19F4D4E9EEF724853E88EA8E /* Debug */,
				19F4DF7089212F737F9C5970 /* Release */,
			);
			defaultConfigurationIsVisible = 0;
		};
/* End XCConfigurationList section */
	};
	rootObject = 19F4D424F856E21B78A4CFBF /* Project object */;
}
