<?xml version="1.0" encoding="UTF-8"?>
<Scheme
   version = "1.3">
   <BuildAction>
      <BuildActionEntries>
         <BuildActionEntry
            buildForRunning = "YES">
            <BuildableReference
               BuildableIdentifier = "primary"
               BlueprintIdentifier = "19F4D50CD3C18D6EEA4D02CC"
               BuildableName = "MSC Swift"
               BlueprintName = "MSC Swift"
               ReferencedContainer = "container:MSC Swift.xcodeproj">
            </BuildableReference>
         </BuildActionEntry>
      </BuildActionEntries>
   </BuildAction>
   <LaunchAction
      useCustomWorkingDirectory = "NO"
      buildConfiguration = "Debug">
      <BuildableProductRunnable>
         <BuildableReference
            BuildableIdentifier = "primary"
            BlueprintIdentifier = "19F4D50CD3C18D6EEA4D02CC"
            BuildableName = "MSC Swift"
            BlueprintName = "MSC Swift"
            ReferencedContainer = "container:MSC Swift.xcodeproj">
         </BuildableReference>
      </BuildableProductRunnable>
   </LaunchAction>
</Scheme>
