<?xml version="1.0" encoding="UTF-8"?>
<Scheme
   version = "1.3">
   <BuildAction>
      <BuildActionEntries>
         <BuildActionEntry
            buildForRunning = "YES">
            <BuildableReference
               BuildableIdentifier = "primary"
               BlueprintIdentifier = "19F4DB8D62A0AC5CDC796BB4"
               BuildableName = "MSc_Objective-C"
               BlueprintName = "MSc_Objective-C"
               ReferencedContainer = "container:MSc_Objective-C.xcodeproj">
            </BuildableReference>
         </BuildActionEntry>
      </BuildActionEntries>
   </BuildAction>
   <LaunchAction
      useCustomWorkingDirectory = "NO"
      buildConfiguration = "Debug">
      <BuildableProductRunnable>
         <BuildableReference
            BuildableIdentifier = "primary"
            BlueprintIdentifier = "19F4DB8D62A0AC5CDC796BB4"
            BuildableName = "MSc_Objective-C"
            BlueprintName = "MSc_Objective-C"
            ReferencedContainer = "container:MSc_Objective-C.xcodeproj">
         </BuildableReference>
      </BuildableProductRunnable>
   </LaunchAction>
</Scheme>
